
Microsoft Visual Studio Solution File, Format Version 12.00
# Visual Studio Version 17
VisualStudioVersion = 17.14.36221.1 d17.14
MinimumVisualStudioVersion = 10.0.40219.1
Project("{8BC9CEB8-8B4A-11D0-8D11-00A0C91BC942}") = "eeeeDzwig", "eeeeDzwig\eeeeDzwig.vcxproj", "{2105CDE2-E358-0F87-FC80-F1C39030269A}"
EndProject
Global
	GlobalSection(SolutionConfigurationPlatforms) = preSolution
		Debug|x64 = Debug|x64
		Debug|x86 = Debug|x86
		Release|x64 = Release|x64
		Release|x86 = Release|x86
	EndGlobalSection
	GlobalSection(ProjectConfigurationPlatforms) = postSolution
		{2105CDE2-E358-0F87-FC80-F1C39030269A}.Debug|x64.ActiveCfg = Debug|x64
		{2105CDE2-E358-0F87-FC80-F1C39030269A}.Debug|x64.Build.0 = Debug|x64
		{2105CDE2-E358-0F87-FC80-F1C39030269A}.Debug|x86.ActiveCfg = Debug|Win32
		{2105CDE2-E358-0F87-FC80-F1C39030269A}.Debug|x86.Build.0 = Debug|Win32
		{2105CDE2-E358-0F87-FC80-F1C39030269A}.Release|x64.ActiveCfg = Release|x64
		{2105CDE2-E358-0F87-FC80-F1C39030269A}.Release|x64.Build.0 = Release|x64
		{2105CDE2-E358-0F87-FC80-F1C39030269A}.Release|x86.ActiveCfg = Release|Win32
		{2105CDE2-E358-0F87-FC80-F1C39030269A}.Release|x86.Build.0 = Release|Win32
	EndGlobalSection
	GlobalSection(SolutionProperties) = preSolution
		HideSolutionNode = FALSE
	EndGlobalSection
	GlobalSection(ExtensibilityGlobals) = postSolution
		SolutionGuid = {D034D87A-C8B8-492F-9D3A-FCC1CEDC13AF}
	EndGlobalSection
EndGlobal
